
Microsoft Visual Studio Solution File, Format Version 12.00
# Visual Studio 15
VisualStudioVersion = 15.0.27130.2024
MinimumVisualStudioVersion = 10.0.40219.1
Project("{FAE04EC0-301F-11D3-BF4B-00C04F79EFBC}") = "WebApp_NoAuth", "WebApp_NoAuth\WebApp_NoAuth.csproj", "{FB633FF7-51F9-4BE8-BD4E-D6AA0F69212B}"
EndProject
Global
	GlobalSection(SolutionConfigurationPlatforms) = preSolution
		Debug|Any CPU = Debug|Any CPU
		Release|Any CPU = Release|Any CPU
	EndGlobalSection
	GlobalSection(ProjectConfigurationPlatforms) = postSolution
		{FB633FF7-51F9-4BE8-BD4E-D6AA0F69212B}.Debug|Any CPU.ActiveCfg = Debug|Any CPU
		{FB633FF7-51F9-4BE8-BD4E-D6AA0F69212B}.Debug|Any CPU.Build.0 = Debug|Any CPU
		{FB633FF7-51F9-4BE8-BD4E-D6AA0F69212B}.Release|Any CPU.ActiveCfg = Release|Any CPU
		{FB633FF7-51F9-4BE8-BD4E-D6AA0F69212B}.Release|Any CPU.Build.0 = Release|Any CPU
	EndGlobalSection
	GlobalSection(SolutionProperties) = preSolution
		HideSolutionNode = FALSE
	EndGlobalSection
	GlobalSection(ExtensibilityGlobals) = postSolution
		SolutionGuid = {54DA5C40-C9EE-4259-ADCF-83F5753DEEB2}
	EndGlobalSection
EndGlobal
